
Microsoft Visual Studio Solution File, Format Version 12.00
# Visual Studio Version 17
VisualStudioVersion = 17.1.32328.378
MinimumVisualStudioVersion = 10.0.40219.1
Project("{FAE04EC0-301F-11D3-BF4B-00C04F79EFBC}") = "Project_QuickFix", "Windows Network Reset AIO\Project_QuickFix.csproj", "{02CFA113-0FF8-438D-BF80-DA806FEA1A3A}"
EndProject
Global
	GlobalSection(SolutionConfigurationPlatforms) = preSolution
		ALPHA|Any CPU = ALPHA|Any CPU
		Debug|Any CPU = Debug|Any CPU
		Release|Any CPU = Release|Any CPU
	EndGlobalSection
	GlobalSection(ProjectConfigurationPlatforms) = postSolution
		{02CFA113-0FF8-438D-BF80-DA806FEA1A3A}.ALPHA|Any CPU.ActiveCfg = ALPHA|Any CPU
		{02CFA113-0FF8-438D-BF80-DA806FEA1A3A}.ALPHA|Any CPU.Build.0 = ALPHA|Any CPU
		{02CFA113-0FF8-438D-BF80-DA806FEA1A3A}.Debug|Any CPU.ActiveCfg = Debug|Any CPU
		{02CFA113-0FF8-438D-BF80-DA806FEA1A3A}.Debug|Any CPU.Build.0 = Debug|Any CPU
		{02CFA113-0FF8-438D-BF80-DA806FEA1A3A}.Release|Any CPU.ActiveCfg = Release|Any CPU
		{02CFA113-0FF8-438D-BF80-DA806FEA1A3A}.Release|Any CPU.Build.0 = Release|Any CPU
	EndGlobalSection
	GlobalSection(SolutionProperties) = preSolution
		HideSolutionNode = FALSE
	EndGlobalSection
	GlobalSection(ExtensibilityGlobals) = postSolution
		SolutionGuid = {BEFB3438-B44D-41F8-BC8A-AAE5F1516ED4}
	EndGlobalSection
EndGlobal
